
Microsoft Visual Studio Solution File, Format Version 12.00
# Visual Studio 14
VisualStudioVersion = 14.0.25420.1
MinimumVisualStudioVersion = 10.0.40219.1
Project("{FAE04EC0-301F-11D3-BF4B-00C04F79EFBC}") = "Laguna.Client.Droid", "Laguna.Client\Laguna.Client.Droid\Laguna.Client.Droid.csproj", "{2222416D-78D3-43EB-8A75-D28C117F8920}"
EndProject
Project("{FAE04EC0-301F-11D3-BF4B-00C04F79EFBC}") = "Laguna.Client.iOS", "Laguna.Client\Laguna.Client.iOS\Laguna.Client.iOS.csproj", "{CBBDDA20-1821-4480-8D66-69EB9C46683A}"
EndProject
Project("{FAE04EC0-301F-11D3-BF4B-00C04F79EFBC}") = "Laguna.Client.UWP", "Laguna.Client\Laguna.Client.UWP\Laguna.Client.UWP.csproj", "{C0109157-52C6-4677-AF5B-4DD602C6BFEB}"
EndProject
Project("{FAE04EC0-301F-11D3-BF4B-00C04F79EFBC}") = "Laguna.Client", "Laguna.Client\Laguna.Client\Laguna.Client.csproj", "{297BB2A5-8B97-471C-8318-F0B5097872AA}"
EndProject
Project("{FAE04EC0-301F-11D3-BF4B-00C04F79EFBC}") = "Laguna.Dal", "Laguna.Dal\Laguna.Dal.csproj", "{2E8D7F01-0521-42F4-82F3-4D5359DE4461}"
EndProject
Project("{FAE04EC0-301F-11D3-BF4B-00C04F79EFBC}") = "Laguna.Domain", "Laguna.Domain\Laguna.Domain.csproj", "{2A3F5751-C97E-436F-836C-343695DFCA7C}"
EndProject
Project("{FAE04EC0-301F-11D3-BF4B-00C04F79EFBC}") = "Laguna.Player", "Laguna.Player\Laguna.Player.csproj", "{42D5D1EA-C194-4613-8B88-17DFA41DB853}"
EndProject
Project("{FAE04EC0-301F-11D3-BF4B-00C04F79EFBC}") = "Laguna.TrackProvider", "Laguna.TrackProvider\Laguna.TrackProvider.csproj", "{79DFCE83-F9BE-4A23-8B20-9CD4FCA3239C}"
EndProject
Project("{8BB2217D-0F2D-49D1-97BC-3654ED321F3B}") = "Laguna.Server", "Laguna.Server\Laguna.Server.xproj", "{13A7F81A-3AFA-4052-98F4-D96897B37260}"
EndProject
Project("{8BB2217D-0F2D-49D1-97BC-3654ED321F3B}") = "Laguna.Server.Domain", "Laguna.Server.Domain\Laguna.Server.Domain.xproj", "{6FF14BAF-BA72-42AC-92B7-79FEB80F2C6A}"
EndProject
Project("{8BB2217D-0F2D-49D1-97BC-3654ED321F3B}") = "Laguna.Server.Dal", "Laguna.Server.Dal\Laguna.Server.Dal.xproj", "{C249AB83-602C-4BD1-84BD-95A5FDDF8A15}"
EndProject
Global
	GlobalSection(SolutionConfigurationPlatforms) = preSolution
		Ad-Hoc|Any CPU = Ad-Hoc|Any CPU
		Ad-Hoc|ARM = Ad-Hoc|ARM
		Ad-Hoc|iPhone = Ad-Hoc|iPhone
		Ad-Hoc|iPhoneSimulator = Ad-Hoc|iPhoneSimulator
		Ad-Hoc|x64 = Ad-Hoc|x64
		Ad-Hoc|x86 = Ad-Hoc|x86
		AppStore|Any CPU = AppStore|Any CPU
		AppStore|ARM = AppStore|ARM
		AppStore|iPhone = AppStore|iPhone
		AppStore|iPhoneSimulator = AppStore|iPhoneSimulator
		AppStore|x64 = AppStore|x64
		AppStore|x86 = AppStore|x86
		Debug|Any CPU = Debug|Any CPU
		Debug|ARM = Debug|ARM
		Debug|iPhone = Debug|iPhone
		Debug|iPhoneSimulator = Debug|iPhoneSimulator
		Debug|x64 = Debug|x64
		Debug|x86 = Debug|x86
		Release|Any CPU = Release|Any CPU
		Release|ARM = Release|ARM
		Release|iPhone = Release|iPhone
		Release|iPhoneSimulator = Release|iPhoneSimulator
		Release|x64 = Release|x64
		Release|x86 = Release|x86
	EndGlobalSection
	GlobalSection(ProjectConfigurationPlatforms) = postSolution
		{2222416D-78D3-43EB-8A75-D28C117F8920}.Ad-Hoc|Any CPU.ActiveCfg = Release|Any CPU
		{2222416D-78D3-43EB-8A75-D28C117F8920}.Ad-Hoc|Any CPU.Build.0 = Release|Any CPU
		{2222416D-78D3-43EB-8A75-D28C117F8920}.Ad-Hoc|Any CPU.Deploy.0 = Release|Any CPU
		{2222416D-78D3-43EB-8A75-D28C117F8920}.Ad-Hoc|ARM.ActiveCfg = Release|Any CPU
		{2222416D-78D3-43EB-8A75-D28C117F8920}.Ad-Hoc|ARM.Build.0 = Release|Any CPU
		{2222416D-78D3-43EB-8A75-D28C117F8920}.Ad-Hoc|ARM.Deploy.0 = Release|Any CPU
		{2222416D-78D3-43EB-8A75-D28C117F8920}.Ad-Hoc|iPhone.ActiveCfg = Release|Any CPU
		{2222416D-78D3-43EB-8A75-D28C117F8920}.Ad-Hoc|iPhone.Build.0 = Release|Any CPU
		{2222416D-78D3-43EB-8A75-D28C117F8920}.Ad-Hoc|iPhone.Deploy.0 = Release|Any CPU
		{2222416D-78D3-43EB-8A75-D28C117F8920}.Ad-Hoc|iPhoneSimulator.ActiveCfg = Release|Any CPU
		{2222416D-78D3-43EB-8A75-D28C117F8920}.Ad-Hoc|iPhoneSimulator.Build.0 = Release|Any CPU
		{2222416D-78D3-43EB-8A75-D28C117F8920}.Ad-Hoc|iPhoneSimulator.Deploy.0 = Release|Any CPU
		{2222416D-78D3-43EB-8A75-D28C117F8920}.Ad-Hoc|x64.ActiveCfg = Release|Any CPU
		{2222416D-78D3-43EB-8A75-D28C117F8920}.Ad-Hoc|x64.Build.0 = Release|Any CPU
		{2222416D-78D3-43EB-8A75-D28C117F8920}.Ad-Hoc|x64.Deploy.0 = Release|Any CPU
		{2222416D-78D3-43EB-8A75-D28C117F8920}.Ad-Hoc|x86.ActiveCfg = Release|Any CPU
		{2222416D-78D3-43EB-8A75-D28C117F8920}.Ad-Hoc|x86.Build.0 = Release|Any CPU
		{2222416D-78D3-43EB-8A75-D28C117F8920}.Ad-Hoc|x86.Deploy.0 = Release|Any CPU
		{2222416D-78D3-43EB-8A75-D28C117F8920}.AppStore|Any CPU.ActiveCfg = Release|Any CPU
		{2222416D-78D3-43EB-8A75-D28C117F8920}.AppStore|Any CPU.Build.0 = Release|Any CPU
		{2222416D-78D3-43EB-8A75-D28C117F8920}.AppStore|Any CPU.Deploy.0 = Release|Any CPU
		{2222416D-78D3-43EB-8A75-D28C117F8920}.AppStore|ARM.ActiveCfg = Release|Any CPU
		{2222416D-78D3-43EB-8A75-D28C117F8920}.AppStore|ARM.Build.0 = Release|Any CPU
		{2222416D-78D3-43EB-8A75-D28C117F8920}.AppStore|ARM.Deploy.0 = Release|Any CPU
		{2222416D-78D3-43EB-8A75-D28C117F8920}.AppStore|iPhone.ActiveCfg = Release|Any CPU
		{2222416D-78D3-43EB-8A75-D28C117F8920}.AppStore|iPhone.Build.0 = Release|Any CPU
		{2222416D-78D3-43EB-8A75-D28C117F8920}.AppStore|iPhone.Deploy.0 = Release|Any CPU
		{2222416D-78D3-43EB-8A75-D28C117F8920}.AppStore|iPhoneSimulator.ActiveCfg = Release|Any CPU
		{2222416D-78D3-43EB-8A75-D28C117F8920}.AppStore|iPhoneSimulator.Build.0 = Release|Any CPU
		{2222416D-78D3-43EB-8A75-D28C117F8920}.AppStore|iPhoneSimulator.Deploy.0 = Release|Any CPU
		{2222416D-78D3-43EB-8A75-D28C117F8920}.AppStore|x64.ActiveCfg = Release|Any CPU
		{2222416D-78D3-43EB-8A75-D28C117F8920}.AppStore|x64.Build.0 = Release|Any CPU
		{2222416D-78D3-43EB-8A75-D28C117F8920}.AppStore|x64.Deploy.0 = Release|Any CPU
		{2222416D-78D3-43EB-8A75-D28C117F8920}.AppStore|x86.ActiveCfg = Release|Any CPU
		{2222416D-78D3-43EB-8A75-D28C117F8920}.AppStore|x86.Build.0 = Release|Any CPU
		{2222416D-78D3-43EB-8A75-D28C117F8920}.AppStore|x86.Deploy.0 = Release|Any CPU
		{2222416D-78D3-43EB-8A75-D28C117F8920}.Debug|Any CPU.ActiveCfg = Debug|Any CPU
		{2222416D-78D3-43EB-8A75-D28C117F8920}.Debug|Any CPU.Build.0 = Debug|Any CPU
		{2222416D-78D3-43EB-8A75-D28C117F8920}.Debug|Any CPU.Deploy.0 = Debug|Any CPU
		{2222416D-78D3-43EB-8A75-D28C117F8920}.Debug|ARM.ActiveCfg = Debug|Any CPU
		{2222416D-78D3-43EB-8A75-D28C117F8920}.Debug|ARM.Build.0 = Debug|Any CPU
		{2222416D-78D3-43EB-8A75-D28C117F8920}.Debug|ARM.Deploy.0 = Debug|Any CPU
		{2222416D-78D3-43EB-8A75-D28C117F8920}.Debug|iPhone.ActiveCfg = Debug|Any CPU
		{2222416D-78D3-43EB-8A75-D28C117F8920}.Debug|iPhone.Build.0 = Debug|Any CPU
		{2222416D-78D3-43EB-8A75-D28C117F8920}.Debug|iPhone.Deploy.0 = Debug|Any CPU
		{2222416D-78D3-43EB-8A75-D28C117F8920}.Debug|iPhoneSimulator.ActiveCfg = Debug|Any CPU
		{2222416D-78D3-43EB-8A75-D28C117F8920}.Debug|iPhoneSimulator.Build.0 = Debug|Any CPU
		{2222416D-78D3-43EB-8A75-D28C117F8920}.Debug|iPhoneSimulator.Deploy.0 = Debug|Any CPU
		{2222416D-78D3-43EB-8A75-D28C117F8920}.Debug|x64.ActiveCfg = Debug|Any CPU
		{2222416D-78D3-43EB-8A75-D28C117F8920}.Debug|x64.Build.0 = Debug|Any CPU
		{2222416D-78D3-43EB-8A75-D28C117F8920}.Debug|x64.Deploy.0 = Debug|Any CPU
		{2222416D-78D3-43EB-8A75-D28C117F8920}.Debug|x86.ActiveCfg = Debug|Any CPU
		{2222416D-78D3-43EB-8A75-D28C117F8920}.Debug|x86.Build.0 = Debug|Any CPU
		{2222416D-78D3-43EB-8A75-D28C117F8920}.Debug|x86.Deploy.0 = Debug|Any CPU
		{2222416D-78D3-43EB-8A75-D28C117F8920}.Release|Any CPU.ActiveCfg = Release|Any CPU
		{2222416D-78D3-43EB-8A75-D28C117F8920}.Release|Any CPU.Build.0 = Release|Any CPU
		{2222416D-78D3-43EB-8A75-D28C117F8920}.Release|Any CPU.Deploy.0 = Release|Any CPU
		{2222416D-78D3-43EB-8A75-D28C117F8920}.Release|ARM.ActiveCfg = Release|Any CPU
		{2222416D-78D3-43EB-8A75-D28C117F8920}.Release|ARM.Build.0 = Release|Any CPU
		{2222416D-78D3-43EB-8A75-D28C117F8920}.Release|ARM.Deploy.0 = Release|Any CPU
		{2222416D-78D3-43EB-8A75-D28C117F8920}.Release|iPhone.ActiveCfg = Release|Any CPU
		{2222416D-78D3-43EB-8A75-D28C117F8920}.Release|iPhone.Build.0 = Release|Any CPU
		{2222416D-78D3-43EB-8A75-D28C117F8920}.Release|iPhone.Deploy.0 = Release|Any CPU
		{2222416D-78D3-43EB-8A75-D28C117F8920}.Release|iPhoneSimulator.ActiveCfg = Release|Any CPU
		{2222416D-78D3-43EB-8A75-D28C117F8920}.Release|iPhoneSimulator.Build.0 = Release|Any CPU
		{2222416D-78D3-43EB-8A75-D28C117F8920}.Release|iPhoneSimulator.Deploy.0 = Release|Any CPU
		{2222416D-78D3-43EB-8A75-D28C117F8920}.Release|x64.ActiveCfg = Release|Any CPU
		{2222416D-78D3-43EB-8A75-D28C117F8920}.Release|x64.Build.0 = Release|Any CPU
		{2222416D-78D3-43EB-8A75-D28C117F8920}.Release|x64.Deploy.0 = Release|Any CPU
		{2222416D-78D3-43EB-8A75-D28C117F8920}.Release|x86.ActiveCfg = Release|Any CPU
		{2222416D-78D3-43EB-8A75-D28C117F8920}.Release|x86.Build.0 = Release|Any CPU
		{2222416D-78D3-43EB-8A75-D28C117F8920}.Release|x86.Deploy.0 = Release|Any CPU
		{CBBDDA20-1821-4480-8D66-69EB9C46683A}.Ad-Hoc|Any CPU.ActiveCfg = Ad-Hoc|iPhone
		{CBBDDA20-1821-4480-8D66-69EB9C46683A}.Ad-Hoc|ARM.ActiveCfg = Ad-Hoc|iPhone
		{CBBDDA20-1821-4480-8D66-69EB9C46683A}.Ad-Hoc|iPhone.ActiveCfg = Ad-Hoc|iPhone
		{CBBDDA20-1821-4480-8D66-69EB9C46683A}.Ad-Hoc|iPhone.Build.0 = Ad-Hoc|iPhone
		{CBBDDA20-1821-4480-8D66-69EB9C46683A}.Ad-Hoc|iPhoneSimulator.ActiveCfg = Ad-Hoc|iPhoneSimulator
		{CBBDDA20-1821-4480-8D66-69EB9C46683A}.Ad-Hoc|iPhoneSimulator.Build.0 = Ad-Hoc|iPhoneSimulator
		{CBBDDA20-1821-4480-8D66-69EB9C46683A}.Ad-Hoc|x64.ActiveCfg = Ad-Hoc|iPhone
		{CBBDDA20-1821-4480-8D66-69EB9C46683A}.Ad-Hoc|x86.ActiveCfg = Ad-Hoc|iPhone
		{CBBDDA20-1821-4480-8D66-69EB9C46683A}.AppStore|Any CPU.ActiveCfg = AppStore|iPhone
		{CBBDDA20-1821-4480-8D66-69EB9C46683A}.AppStore|ARM.ActiveCfg = AppStore|iPhone
		{CBBDDA20-1821-4480-8D66-69EB9C46683A}.AppStore|iPhone.ActiveCfg = AppStore|iPhone
		{CBBDDA20-1821-4480-8D66-69EB9C46683A}.AppStore|iPhone.Build.0 = AppStore|iPhone
		{CBBDDA20-1821-4480-8D66-69EB9C46683A}.AppStore|iPhoneSimulator.ActiveCfg = AppStore|iPhoneSimulator
		{CBBDDA20-1821-4480-8D66-69EB9C46683A}.AppStore|iPhoneSimulator.Build.0 = AppStore|iPhoneSimulator
		{CBBDDA20-1821-4480-8D66-69EB9C46683A}.AppStore|x64.ActiveCfg = AppStore|iPhone
		{CBBDDA20-1821-4480-8D66-69EB9C46683A}.AppStore|x86.ActiveCfg = AppStore|iPhone
		{CBBDDA20-1821-4480-8D66-69EB9C46683A}.Debug|Any CPU.ActiveCfg = Debug|iPhone
		{CBBDDA20-1821-4480-8D66-69EB9C46683A}.Debug|ARM.ActiveCfg = Debug|iPhone
		{CBBDDA20-1821-4480-8D66-69EB9C46683A}.Debug|iPhone.ActiveCfg = Debug|iPhone
		{CBBDDA20-1821-4480-8D66-69EB9C46683A}.Debug|iPhone.Build.0 = Debug|iPhone
		{CBBDDA20-1821-4480-8D66-69EB9C46683A}.Debug|iPhoneSimulator.ActiveCfg = Debug|iPhoneSimulator
		{CBBDDA20-1821-4480-8D66-69EB9C46683A}.Debug|iPhoneSimulator.Build.0 = Debug|iPhoneSimulator
		{CBBDDA20-1821-4480-8D66-69EB9C46683A}.Debug|x64.ActiveCfg = Debug|iPhone
		{CBBDDA20-1821-4480-8D66-69EB9C46683A}.Debug|x86.ActiveCfg = Debug|iPhone
		{CBBDDA20-1821-4480-8D66-69EB9C46683A}.Release|Any CPU.ActiveCfg = Release|iPhone
		{CBBDDA20-1821-4480-8D66-69EB9C46683A}.Release|ARM.ActiveCfg = Release|iPhone
		{CBBDDA20-1821-4480-8D66-69EB9C46683A}.Release|iPhone.ActiveCfg = Release|iPhone
		{CBBDDA20-1821-4480-8D66-69EB9C46683A}.Release|iPhone.Build.0 = Release|iPhone
		{CBBDDA20-1821-4480-8D66-69EB9C46683A}.Release|iPhoneSimulator.ActiveCfg = Release|iPhoneSimulator
		{CBBDDA20-1821-4480-8D66-69EB9C46683A}.Release|iPhoneSimulator.Build.0 = Release|iPhoneSimulator
		{CBBDDA20-1821-4480-8D66-69EB9C46683A}.Release|x64.ActiveCfg = Release|iPhone
		{CBBDDA20-1821-4480-8D66-69EB9C46683A}.Release|x86.ActiveCfg = Release|iPhone
		{C0109157-52C6-4677-AF5B-4DD602C6BFEB}.Ad-Hoc|Any CPU.ActiveCfg = Release|x86
		{C0109157-52C6-4677-AF5B-4DD602C6BFEB}.Ad-Hoc|Any CPU.Build.0 = Release|x86
		{C0109157-52C6-4677-AF5B-4DD602C6BFEB}.Ad-Hoc|Any CPU.Deploy.0 = Release|x86
		{C0109157-52C6-4677-AF5B-4DD602C6BFEB}.Ad-Hoc|ARM.ActiveCfg = Release|ARM
		{C0109157-52C6-4677-AF5B-4DD602C6BFEB}.Ad-Hoc|ARM.Build.0 = Release|ARM
		{C0109157-52C6-4677-AF5B-4DD602C6BFEB}.Ad-Hoc|ARM.Deploy.0 = Release|ARM
		{C0109157-52C6-4677-AF5B-4DD602C6BFEB}.Ad-Hoc|iPhone.ActiveCfg = Release|x86
		{C0109157-52C6-4677-AF5B-4DD602C6BFEB}.Ad-Hoc|iPhone.Build.0 = Release|x86
		{C0109157-52C6-4677-AF5B-4DD602C6BFEB}.Ad-Hoc|iPhone.Deploy.0 = Release|x86
		{C0109157-52C6-4677-AF5B-4DD602C6BFEB}.Ad-Hoc|iPhoneSimulator.ActiveCfg = Release|x86
		{C0109157-52C6-4677-AF5B-4DD602C6BFEB}.Ad-Hoc|iPhoneSimulator.Build.0 = Release|x86
		{C0109157-52C6-4677-AF5B-4DD602C6BFEB}.Ad-Hoc|iPhoneSimulator.Deploy.0 = Release|x86
		{C0109157-52C6-4677-AF5B-4DD602C6BFEB}.Ad-Hoc|x64.ActiveCfg = Release|x64
		{C0109157-52C6-4677-AF5B-4DD602C6BFEB}.Ad-Hoc|x64.Build.0 = Release|x64
		{C0109157-52C6-4677-AF5B-4DD602C6BFEB}.Ad-Hoc|x64.Deploy.0 = Release|x64
		{C0109157-52C6-4677-AF5B-4DD602C6BFEB}.Ad-Hoc|x86.ActiveCfg = Release|x86
		{C0109157-52C6-4677-AF5B-4DD602C6BFEB}.Ad-Hoc|x86.Build.0 = Release|x86
		{C0109157-52C6-4677-AF5B-4DD602C6BFEB}.Ad-Hoc|x86.Deploy.0 = Release|x86
		{C0109157-52C6-4677-AF5B-4DD602C6BFEB}.AppStore|Any CPU.ActiveCfg = Release|x86
		{C0109157-52C6-4677-AF5B-4DD602C6BFEB}.AppStore|Any CPU.Build.0 = Release|x86
		{C0109157-52C6-4677-AF5B-4DD602C6BFEB}.AppStore|Any CPU.Deploy.0 = Release|x86
		{C0109157-52C6-4677-AF5B-4DD602C6BFEB}.AppStore|ARM.ActiveCfg = Release|ARM
		{C0109157-52C6-4677-AF5B-4DD602C6BFEB}.AppStore|ARM.Build.0 = Release|ARM
		{C0109157-52C6-4677-AF5B-4DD602C6BFEB}.AppStore|ARM.Deploy.0 = Release|ARM
		{C0109157-52C6-4677-AF5B-4DD602C6BFEB}.AppStore|iPhone.ActiveCfg = Release|x86
		{C0109157-52C6-4677-AF5B-4DD602C6BFEB}.AppStore|iPhone.Build.0 = Release|x86
		{C0109157-52C6-4677-AF5B-4DD602C6BFEB}.AppStore|iPhone.Deploy.0 = Release|x86
		{C0109157-52C6-4677-AF5B-4DD602C6BFEB}.AppStore|iPhoneSimulator.ActiveCfg = Release|x86
		{C0109157-52C6-4677-AF5B-4DD602C6BFEB}.AppStore|iPhoneSimulator.Build.0 = Release|x86
		{C0109157-52C6-4677-AF5B-4DD602C6BFEB}.AppStore|iPhoneSimulator.Deploy.0 = Release|x86
		{C0109157-52C6-4677-AF5B-4DD602C6BFEB}.AppStore|x64.ActiveCfg = Release|x64
		{C0109157-52C6-4677-AF5B-4DD602C6BFEB}.AppStore|x64.Build.0 = Release|x64
		{C0109157-52C6-4677-AF5B-4DD602C6BFEB}.AppStore|x64.Deploy.0 = Release|x64
		{C0109157-52C6-4677-AF5B-4DD602C6BFEB}.AppStore|x86.ActiveCfg = Release|x86
		{C0109157-52C6-4677-AF5B-4DD602C6BFEB}.AppStore|x86.Build.0 = Release|x86
		{C0109157-52C6-4677-AF5B-4DD602C6BFEB}.AppStore|x86.Deploy.0 = Release|x86
		{C0109157-52C6-4677-AF5B-4DD602C6BFEB}.Debug|Any CPU.ActiveCfg = Debug|x86
		{C0109157-52C6-4677-AF5B-4DD602C6BFEB}.Debug|ARM.ActiveCfg = Debug|ARM
		{C0109157-52C6-4677-AF5B-4DD602C6BFEB}.Debug|ARM.Build.0 = Debug|ARM
		{C0109157-52C6-4677-AF5B-4DD602C6BFEB}.Debug|ARM.Deploy.0 = Debug|ARM
		{C0109157-52C6-4677-AF5B-4DD602C6BFEB}.Debug|iPhone.ActiveCfg = Debug|x86
		{C0109157-52C6-4677-AF5B-4DD602C6BFEB}.Debug|iPhoneSimulator.ActiveCfg = Debug|x86
		{C0109157-52C6-4677-AF5B-4DD602C6BFEB}.Debug|x64.ActiveCfg = Debug|x64
		{C0109157-52C6-4677-AF5B-4DD602C6BFEB}.Debug|x64.Build.0 = Debug|x64
		{C0109157-52C6-4677-AF5B-4DD602C6BFEB}.Debug|x64.Deploy.0 = Debug|x64
		{C0109157-52C6-4677-AF5B-4DD602C6BFEB}.Debug|x86.ActiveCfg = Debug|x86
		{C0109157-52C6-4677-AF5B-4DD602C6BFEB}.Debug|x86.Build.0 = Debug|x86
		{C0109157-52C6-4677-AF5B-4DD602C6BFEB}.Debug|x86.Deploy.0 = Debug|x86
		{C0109157-52C6-4677-AF5B-4DD602C6BFEB}.Release|Any CPU.ActiveCfg = Release|x86
		{C0109157-52C6-4677-AF5B-4DD602C6BFEB}.Release|ARM.ActiveCfg = Release|ARM
		{C0109157-52C6-4677-AF5B-4DD602C6BFEB}.Release|ARM.Build.0 = Release|ARM
		{C0109157-52C6-4677-AF5B-4DD602C6BFEB}.Release|ARM.Deploy.0 = Release|ARM
		{C0109157-52C6-4677-AF5B-4DD602C6BFEB}.Release|iPhone.ActiveCfg = Release|x86
		{C0109157-52C6-4677-AF5B-4DD602C6BFEB}.Release|iPhoneSimulator.ActiveCfg = Release|x86
		{C0109157-52C6-4677-AF5B-4DD602C6BFEB}.Release|x64.ActiveCfg = Release|x64
		{C0109157-52C6-4677-AF5B-4DD602C6BFEB}.Release|x64.Build.0 = Release|x64
		{C0109157-52C6-4677-AF5B-4DD602C6BFEB}.Release|x64.Deploy.0 = Release|x64
		{C0109157-52C6-4677-AF5B-4DD602C6BFEB}.Release|x86.ActiveCfg = Release|x86
		{C0109157-52C6-4677-AF5B-4DD602C6BFEB}.Release|x86.Build.0 = Release|x86
		{C0109157-52C6-4677-AF5B-4DD602C6BFEB}.Release|x86.Deploy.0 = Release|x86
		{297BB2A5-8B97-471C-8318-F0B5097872AA}.Ad-Hoc|Any CPU.ActiveCfg = Release|Any CPU
		{297BB2A5-8B97-471C-8318-F0B5097872AA}.Ad-Hoc|Any CPU.Build.0 = Release|Any CPU
		{297BB2A5-8B97-471C-8318-F0B5097872AA}.Ad-Hoc|ARM.ActiveCfg = Release|Any CPU
		{297BB2A5-8B97-471C-8318-F0B5097872AA}.Ad-Hoc|ARM.Build.0 = Release|Any CPU
		{297BB2A5-8B97-471C-8318-F0B5097872AA}.Ad-Hoc|iPhone.ActiveCfg = Release|Any CPU
		{297BB2A5-8B97-471C-8318-F0B5097872AA}.Ad-Hoc|iPhone.Build.0 = Release|Any CPU
		{297BB2A5-8B97-471C-8318-F0B5097872AA}.Ad-Hoc|iPhoneSimulator.ActiveCfg = Release|Any CPU
		{297BB2A5-8B97-471C-8318-F0B5097872AA}.Ad-Hoc|iPhoneSimulator.Build.0 = Release|Any CPU
		{297BB2A5-8B97-471C-8318-F0B5097872AA}.Ad-Hoc|x64.ActiveCfg = Release|Any CPU
		{297BB2A5-8B97-471C-8318-F0B5097872AA}.Ad-Hoc|x64.Build.0 = Release|Any CPU
		{297BB2A5-8B97-471C-8318-F0B5097872AA}.Ad-Hoc|x86.ActiveCfg = Release|Any CPU
		{297BB2A5-8B97-471C-8318-F0B5097872AA}.Ad-Hoc|x86.Build.0 = Release|Any CPU
		{297BB2A5-8B97-471C-8318-F0B5097872AA}.AppStore|Any CPU.ActiveCfg = Release|Any CPU
		{297BB2A5-8B97-471C-8318-F0B5097872AA}.AppStore|Any CPU.Build.0 = Release|Any CPU
		{297BB2A5-8B97-471C-8318-F0B5097872AA}.AppStore|ARM.ActiveCfg = Release|Any CPU
		{297BB2A5-8B97-471C-8318-F0B5097872AA}.AppStore|ARM.Build.0 = Release|Any CPU
		{297BB2A5-8B97-471C-8318-F0B5097872AA}.AppStore|iPhone.ActiveCfg = Release|Any CPU
		{297BB2A5-8B97-471C-8318-F0B5097872AA}.AppStore|iPhone.Build.0 = Release|Any CPU
		{297BB2A5-8B97-471C-8318-F0B5097872AA}.AppStore|iPhoneSimulator.ActiveCfg = Release|Any CPU
		{297BB2A5-8B97-471C-8318-F0B5097872AA}.AppStore|iPhoneSimulator.Build.0 = Release|Any CPU
		{297BB2A5-8B97-471C-8318-F0B5097872AA}.AppStore|x64.ActiveCfg = Release|Any CPU
		{297BB2A5-8B97-471C-8318-F0B5097872AA}.AppStore|x64.Build.0 = Release|Any CPU
		{297BB2A5-8B97-471C-8318-F0B5097872AA}.AppStore|x86.ActiveCfg = Release|Any CPU
		{297BB2A5-8B97-471C-8318-F0B5097872AA}.AppStore|x86.Build.0 = Release|Any CPU
		{297BB2A5-8B97-471C-8318-F0B5097872AA}.Debug|Any CPU.ActiveCfg = Debug|Any CPU
		{297BB2A5-8B97-471C-8318-F0B5097872AA}.Debug|Any CPU.Build.0 = Debug|Any CPU
		{297BB2A5-8B97-471C-8318-F0B5097872AA}.Debug|ARM.ActiveCfg = Debug|Any CPU
		{297BB2A5-8B97-471C-8318-F0B5097872AA}.Debug|ARM.Build.0 = Debug|Any CPU
		{297BB2A5-8B97-471C-8318-F0B5097872AA}.Debug|iPhone.ActiveCfg = Debug|Any CPU
		{297BB2A5-8B97-471C-8318-F0B5097872AA}.Debug|iPhone.Build.0 = Debug|Any CPU
		{297BB2A5-8B97-471C-8318-F0B5097872AA}.Debug|iPhoneSimulator.ActiveCfg = Debug|Any CPU
		{297BB2A5-8B97-471C-8318-F0B5097872AA}.Debug|iPhoneSimulator.Build.0 = Debug|Any CPU
		{297BB2A5-8B97-471C-8318-F0B5097872AA}.Debug|x64.ActiveCfg = Debug|Any CPU
		{297BB2A5-8B97-471C-8318-F0B5097872AA}.Debug|x64.Build.0 = Debug|Any CPU
		{297BB2A5-8B97-471C-8318-F0B5097872AA}.Debug|x86.ActiveCfg = Debug|Any CPU
		{297BB2A5-8B97-471C-8318-F0B5097872AA}.Debug|x86.Build.0 = Debug|Any CPU
		{297BB2A5-8B97-471C-8318-F0B5097872AA}.Release|Any CPU.ActiveCfg = Release|Any CPU
		{297BB2A5-8B97-471C-8318-F0B5097872AA}.Release|Any CPU.Build.0 = Release|Any CPU
		{297BB2A5-8B97-471C-8318-F0B5097872AA}.Release|ARM.ActiveCfg = Release|Any CPU
		{297BB2A5-8B97-471C-8318-F0B5097872AA}.Release|ARM.Build.0 = Release|Any CPU
		{297BB2A5-8B97-471C-8318-F0B5097872AA}.Release|iPhone.ActiveCfg = Release|Any CPU
		{297BB2A5-8B97-471C-8318-F0B5097872AA}.Release|iPhone.Build.0 = Release|Any CPU
		{297BB2A5-8B97-471C-8318-F0B5097872AA}.Release|iPhoneSimulator.ActiveCfg = Release|Any CPU
		{297BB2A5-8B97-471C-8318-F0B5097872AA}.Release|iPhoneSimulator.Build.0 = Release|Any CPU
		{297BB2A5-8B97-471C-8318-F0B5097872AA}.Release|x64.ActiveCfg = Release|Any CPU
		{297BB2A5-8B97-471C-8318-F0B5097872AA}.Release|x64.Build.0 = Release|Any CPU
		{297BB2A5-8B97-471C-8318-F0B5097872AA}.Release|x86.ActiveCfg = Release|Any CPU
		{297BB2A5-8B97-471C-8318-F0B5097872AA}.Release|x86.Build.0 = Release|Any CPU
		{2E8D7F01-0521-42F4-82F3-4D5359DE4461}.Ad-Hoc|Any CPU.ActiveCfg = Release|Any CPU
		{2E8D7F01-0521-42F4-82F3-4D5359DE4461}.Ad-Hoc|Any CPU.Build.0 = Release|Any CPU
		{2E8D7F01-0521-42F4-82F3-4D5359DE4461}.Ad-Hoc|ARM.ActiveCfg = Release|Any CPU
		{2E8D7F01-0521-42F4-82F3-4D5359DE4461}.Ad-Hoc|ARM.Build.0 = Release|Any CPU
		{2E8D7F01-0521-42F4-82F3-4D5359DE4461}.Ad-Hoc|iPhone.ActiveCfg = Release|Any CPU
		{2E8D7F01-0521-42F4-82F3-4D5359DE4461}.Ad-Hoc|iPhone.Build.0 = Release|Any CPU
		{2E8D7F01-0521-42F4-82F3-4D5359DE4461}.Ad-Hoc|iPhoneSimulator.ActiveCfg = Release|Any CPU
		{2E8D7F01-0521-42F4-82F3-4D5359DE4461}.Ad-Hoc|iPhoneSimulator.Build.0 = Release|Any CPU
		{2E8D7F01-0521-42F4-82F3-4D5359DE4461}.Ad-Hoc|x64.ActiveCfg = Release|Any CPU
		{2E8D7F01-0521-42F4-82F3-4D5359DE4461}.Ad-Hoc|x64.Build.0 = Release|Any CPU
		{2E8D7F01-0521-42F4-82F3-4D5359DE4461}.Ad-Hoc|x86.ActiveCfg = Release|Any CPU
		{2E8D7F01-0521-42F4-82F3-4D5359DE4461}.Ad-Hoc|x86.Build.0 = Release|Any CPU
		{2E8D7F01-0521-42F4-82F3-4D5359DE4461}.AppStore|Any CPU.ActiveCfg = Release|Any CPU
		{2E8D7F01-0521-42F4-82F3-4D5359DE4461}.AppStore|Any CPU.Build.0 = Release|Any CPU
		{2E8D7F01-0521-42F4-82F3-4D5359DE4461}.AppStore|ARM.ActiveCfg = Release|Any CPU
		{2E8D7F01-0521-42F4-82F3-4D5359DE4461}.AppStore|ARM.Build.0 = Release|Any CPU
		{2E8D7F01-0521-42F4-82F3-4D5359DE4461}.AppStore|iPhone.ActiveCfg = Release|Any CPU
		{2E8D7F01-0521-42F4-82F3-4D5359DE4461}.AppStore|iPhone.Build.0 = Release|Any CPU
		{2E8D7F01-0521-42F4-82F3-4D5359DE4461}.AppStore|iPhoneSimulator.ActiveCfg = Release|Any CPU
		{2E8D7F01-0521-42F4-82F3-4D5359DE4461}.AppStore|iPhoneSimulator.Build.0 = Release|Any CPU
		{2E8D7F01-0521-42F4-82F3-4D5359DE4461}.AppStore|x64.ActiveCfg = Release|Any CPU
		{2E8D7F01-0521-42F4-82F3-4D5359DE4461}.AppStore|x64.Build.0 = Release|Any CPU
		{2E8D7F01-0521-42F4-82F3-4D5359DE4461}.AppStore|x86.ActiveCfg = Release|Any CPU
		{2E8D7F01-0521-42F4-82F3-4D5359DE4461}.AppStore|x86.Build.0 = Release|Any CPU
		{2E8D7F01-0521-42F4-82F3-4D5359DE4461}.Debug|Any CPU.ActiveCfg = Debug|Any CPU
		{2E8D7F01-0521-42F4-82F3-4D5359DE4461}.Debug|Any CPU.Build.0 = Debug|Any CPU
		{2E8D7F01-0521-42F4-82F3-4D5359DE4461}.Debug|ARM.ActiveCfg = Debug|Any CPU
		{2E8D7F01-0521-42F4-82F3-4D5359DE4461}.Debug|ARM.Build.0 = Debug|Any CPU
		{2E8D7F01-0521-42F4-82F3-4D5359DE4461}.Debug|iPhone.ActiveCfg = Debug|Any CPU
		{2E8D7F01-0521-42F4-82F3-4D5359DE4461}.Debug|iPhone.Build.0 = Debug|Any CPU
		{2E8D7F01-0521-42F4-82F3-4D5359DE4461}.Debug|iPhoneSimulator.ActiveCfg = Debug|Any CPU
		{2E8D7F01-0521-42F4-82F3-4D5359DE4461}.Debug|iPhoneSimulator.Build.0 = Debug|Any CPU
		{2E8D7F01-0521-42F4-82F3-4D5359DE4461}.Debug|x64.ActiveCfg = Debug|Any CPU
		{2E8D7F01-0521-42F4-82F3-4D5359DE4461}.Debug|x64.Build.0 = Debug|Any CPU
		{2E8D7F01-0521-42F4-82F3-4D5359DE4461}.Debug|x86.ActiveCfg = Debug|Any CPU
		{2E8D7F01-0521-42F4-82F3-4D5359DE4461}.Debug|x86.Build.0 = Debug|Any CPU
		{2E8D7F01-0521-42F4-82F3-4D5359DE4461}.Release|Any CPU.ActiveCfg = Release|Any CPU
		{2E8D7F01-0521-42F4-82F3-4D5359DE4461}.Release|Any CPU.Build.0 = Release|Any CPU
		{2E8D7F01-0521-42F4-82F3-4D5359DE4461}.Release|ARM.ActiveCfg = Release|Any CPU
		{2E8D7F01-0521-42F4-82F3-4D5359DE4461}.Release|ARM.Build.0 = Release|Any CPU
		{2E8D7F01-0521-42F4-82F3-4D5359DE4461}.Release|iPhone.ActiveCfg = Release|Any CPU
		{2E8D7F01-0521-42F4-82F3-4D5359DE4461}.Release|iPhone.Build.0 = Release|Any CPU
		{2E8D7F01-0521-42F4-82F3-4D5359DE4461}.Release|iPhoneSimulator.ActiveCfg = Release|Any CPU
		{2E8D7F01-0521-42F4-82F3-4D5359DE4461}.Release|iPhoneSimulator.Build.0 = Release|Any CPU
		{2E8D7F01-0521-42F4-82F3-4D5359DE4461}.Release|x64.ActiveCfg = Release|Any CPU
		{2E8D7F01-0521-42F4-82F3-4D5359DE4461}.Release|x64.Build.0 = Release|Any CPU
		{2E8D7F01-0521-42F4-82F3-4D5359DE4461}.Release|x86.ActiveCfg = Release|Any CPU
		{2E8D7F01-0521-42F4-82F3-4D5359DE4461}.Release|x86.Build.0 = Release|Any CPU
		{2A3F5751-C97E-436F-836C-343695DFCA7C}.Ad-Hoc|Any CPU.ActiveCfg = Release|Any CPU
		{2A3F5751-C97E-436F-836C-343695DFCA7C}.Ad-Hoc|Any CPU.Build.0 = Release|Any CPU
		{2A3F5751-C97E-436F-836C-343695DFCA7C}.Ad-Hoc|ARM.ActiveCfg = Release|Any CPU
		{2A3F5751-C97E-436F-836C-343695DFCA7C}.Ad-Hoc|ARM.Build.0 = Release|Any CPU
		{2A3F5751-C97E-436F-836C-343695DFCA7C}.Ad-Hoc|iPhone.ActiveCfg = Release|Any CPU
		{2A3F5751-C97E-436F-836C-343695DFCA7C}.Ad-Hoc|iPhone.Build.0 = Release|Any CPU
		{2A3F5751-C97E-436F-836C-343695DFCA7C}.Ad-Hoc|iPhoneSimulator.ActiveCfg = Release|Any CPU
		{2A3F5751-C97E-436F-836C-343695DFCA7C}.Ad-Hoc|iPhoneSimulator.Build.0 = Release|Any CPU
		{2A3F5751-C97E-436F-836C-343695DFCA7C}.Ad-Hoc|x64.ActiveCfg = Release|Any CPU
		{2A3F5751-C97E-436F-836C-343695DFCA7C}.Ad-Hoc|x64.Build.0 = Release|Any CPU
		{2A3F5751-C97E-436F-836C-343695DFCA7C}.Ad-Hoc|x86.ActiveCfg = Release|Any CPU
		{2A3F5751-C97E-436F-836C-343695DFCA7C}.Ad-Hoc|x86.Build.0 = Release|Any CPU
		{2A3F5751-C97E-436F-836C-343695DFCA7C}.AppStore|Any CPU.ActiveCfg = Release|Any CPU
		{2A3F5751-C97E-436F-836C-343695DFCA7C}.AppStore|Any CPU.Build.0 = Release|Any CPU
		{2A3F5751-C97E-436F-836C-343695DFCA7C}.AppStore|ARM.ActiveCfg = Release|Any CPU
		{2A3F5751-C97E-436F-836C-343695DFCA7C}.AppStore|ARM.Build.0 = Release|Any CPU
		{2A3F5751-C97E-436F-836C-343695DFCA7C}.AppStore|iPhone.ActiveCfg = Release|Any CPU
		{2A3F5751-C97E-436F-836C-343695DFCA7C}.AppStore|iPhone.Build.0 = Release|Any CPU
		{2A3F5751-C97E-436F-836C-343695DFCA7C}.AppStore|iPhoneSimulator.ActiveCfg = Release|Any CPU
		{2A3F5751-C97E-436F-836C-343695DFCA7C}.AppStore|iPhoneSimulator.Build.0 = Release|Any CPU
		{2A3F5751-C97E-436F-836C-343695DFCA7C}.AppStore|x64.ActiveCfg = Release|Any CPU
		{2A3F5751-C97E-436F-836C-343695DFCA7C}.AppStore|x64.Build.0 = Release|Any CPU
		{2A3F5751-C97E-436F-836C-343695DFCA7C}.AppStore|x86.ActiveCfg = Release|Any CPU
		{2A3F5751-C97E-436F-836C-343695DFCA7C}.AppStore|x86.Build.0 = Release|Any CPU
		{2A3F5751-C97E-436F-836C-343695DFCA7C}.Debug|Any CPU.ActiveCfg = Debug|Any CPU
		{2A3F5751-C97E-436F-836C-343695DFCA7C}.Debug|Any CPU.Build.0 = Debug|Any CPU
		{2A3F5751-C97E-436F-836C-343695DFCA7C}.Debug|ARM.ActiveCfg = Debug|Any CPU
		{2A3F5751-C97E-436F-836C-343695DFCA7C}.Debug|ARM.Build.0 = Debug|Any CPU
		{2A3F5751-C97E-436F-836C-343695DFCA7C}.Debug|iPhone.ActiveCfg = Debug|Any CPU
		{2A3F5751-C97E-436F-836C-343695DFCA7C}.Debug|iPhone.Build.0 = Debug|Any CPU
		{2A3F5751-C97E-436F-836C-343695DFCA7C}.Debug|iPhoneSimulator.ActiveCfg = Debug|Any CPU
		{2A3F5751-C97E-436F-836C-343695DFCA7C}.Debug|iPhoneSimulator.Build.0 = Debug|Any CPU
		{2A3F5751-C97E-436F-836C-343695DFCA7C}.Debug|x64.ActiveCfg = Debug|Any CPU
		{2A3F5751-C97E-436F-836C-343695DFCA7C}.Debug|x64.Build.0 = Debug|Any CPU
		{2A3F5751-C97E-436F-836C-343695DFCA7C}.Debug|x86.ActiveCfg = Debug|Any CPU
		{2A3F5751-C97E-436F-836C-343695DFCA7C}.Debug|x86.Build.0 = Debug|Any CPU
		{2A3F5751-C97E-436F-836C-343695DFCA7C}.Release|Any CPU.ActiveCfg = Release|Any CPU
		{2A3F5751-C97E-436F-836C-343695DFCA7C}.Release|Any CPU.Build.0 = Release|Any CPU
		{2A3F5751-C97E-436F-836C-343695DFCA7C}.Release|ARM.ActiveCfg = Release|Any CPU
		{2A3F5751-C97E-436F-836C-343695DFCA7C}.Release|ARM.Build.0 = Release|Any CPU
		{2A3F5751-C97E-436F-836C-343695DFCA7C}.Release|iPhone.ActiveCfg = Release|Any CPU
		{2A3F5751-C97E-436F-836C-343695DFCA7C}.Release|iPhone.Build.0 = Release|Any CPU
		{2A3F5751-C97E-436F-836C-343695DFCA7C}.Release|iPhoneSimulator.ActiveCfg = Release|Any CPU
		{2A3F5751-C97E-436F-836C-343695DFCA7C}.Release|iPhoneSimulator.Build.0 = Release|Any CPU
		{2A3F5751-C97E-436F-836C-343695DFCA7C}.Release|x64.ActiveCfg = Release|Any CPU
		{2A3F5751-C97E-436F-836C-343695DFCA7C}.Release|x64.Build.0 = Release|Any CPU
		{2A3F5751-C97E-436F-836C-343695DFCA7C}.Release|x86.ActiveCfg = Release|Any CPU
		{2A3F5751-C97E-436F-836C-343695DFCA7C}.Release|x86.Build.0 = Release|Any CPU
		{42D5D1EA-C194-4613-8B88-17DFA41DB853}.Ad-Hoc|Any CPU.ActiveCfg = Release|Any CPU
		{42D5D1EA-C194-4613-8B88-17DFA41DB853}.Ad-Hoc|Any CPU.Build.0 = Release|Any CPU
		{42D5D1EA-C194-4613-8B88-17DFA41DB853}.Ad-Hoc|ARM.ActiveCfg = Release|Any CPU
		{42D5D1EA-C194-4613-8B88-17DFA41DB853}.Ad-Hoc|ARM.Build.0 = Release|Any CPU
		{42D5D1EA-C194-4613-8B88-17DFA41DB853}.Ad-Hoc|iPhone.ActiveCfg = Release|Any CPU
		{42D5D1EA-C194-4613-8B88-17DFA41DB853}.Ad-Hoc|iPhone.Build.0 = Release|Any CPU
		{42D5D1EA-C194-4613-8B88-17DFA41DB853}.Ad-Hoc|iPhoneSimulator.ActiveCfg = Release|Any CPU
		{42D5D1EA-C194-4613-8B88-17DFA41DB853}.Ad-Hoc|iPhoneSimulator.Build.0 = Release|Any CPU
		{42D5D1EA-C194-4613-8B88-17DFA41DB853}.Ad-Hoc|x64.ActiveCfg = Release|Any CPU
		{42D5D1EA-C194-4613-8B88-17DFA41DB853}.Ad-Hoc|x64.Build.0 = Release|Any CPU
		{42D5D1EA-C194-4613-8B88-17DFA41DB853}.Ad-Hoc|x86.ActiveCfg = Release|Any CPU
		{42D5D1EA-C194-4613-8B88-17DFA41DB853}.Ad-Hoc|x86.Build.0 = Release|Any CPU
		{42D5D1EA-C194-4613-8B88-17DFA41DB853}.AppStore|Any CPU.ActiveCfg = Release|Any CPU
		{42D5D1EA-C194-4613-8B88-17DFA41DB853}.AppStore|Any CPU.Build.0 = Release|Any CPU
		{42D5D1EA-C194-4613-8B88-17DFA41DB853}.AppStore|ARM.ActiveCfg = Release|Any CPU
		{42D5D1EA-C194-4613-8B88-17DFA41DB853}.AppStore|ARM.Build.0 = Release|Any CPU
		{42D5D1EA-C194-4613-8B88-17DFA41DB853}.AppStore|iPhone.ActiveCfg = Release|Any CPU
		{42D5D1EA-C194-4613-8B88-17DFA41DB853}.AppStore|iPhone.Build.0 = Release|Any CPU
		{42D5D1EA-C194-4613-8B88-17DFA41DB853}.AppStore|iPhoneSimulator.ActiveCfg = Release|Any CPU
		{42D5D1EA-C194-4613-8B88-17DFA41DB853}.AppStore|iPhoneSimulator.Build.0 = Release|Any CPU
		{42D5D1EA-C194-4613-8B88-17DFA41DB853}.AppStore|x64.ActiveCfg = Release|Any CPU
		{42D5D1EA-C194-4613-8B88-17DFA41DB853}.AppStore|x64.Build.0 = Release|Any CPU
		{42D5D1EA-C194-4613-8B88-17DFA41DB853}.AppStore|x86.ActiveCfg = Release|Any CPU
		{42D5D1EA-C194-4613-8B88-17DFA41DB853}.AppStore|x86.Build.0 = Release|Any CPU
		{42D5D1EA-C194-4613-8B88-17DFA41DB853}.Debug|Any CPU.ActiveCfg = Debug|Any CPU
		{42D5D1EA-C194-4613-8B88-17DFA41DB853}.Debug|Any CPU.Build.0 = Debug|Any CPU
		{42D5D1EA-C194-4613-8B88-17DFA41DB853}.Debug|ARM.ActiveCfg = Debug|Any CPU
		{42D5D1EA-C194-4613-8B88-17DFA41DB853}.Debug|ARM.Build.0 = Debug|Any CPU
		{42D5D1EA-C194-4613-8B88-17DFA41DB853}.Debug|iPhone.ActiveCfg = Debug|Any CPU
		{42D5D1EA-C194-4613-8B88-17DFA41DB853}.Debug|iPhone.Build.0 = Debug|Any CPU
		{42D5D1EA-C194-4613-8B88-17DFA41DB853}.Debug|iPhoneSimulator.ActiveCfg = Debug|Any CPU
		{42D5D1EA-C194-4613-8B88-17DFA41DB853}.Debug|iPhoneSimulator.Build.0 = Debug|Any CPU
		{42D5D1EA-C194-4613-8B88-17DFA41DB853}.Debug|x64.ActiveCfg = Debug|Any CPU
		{42D5D1EA-C194-4613-8B88-17DFA41DB853}.Debug|x64.Build.0 = Debug|Any CPU
		{42D5D1EA-C194-4613-8B88-17DFA41DB853}.Debug|x86.ActiveCfg = Debug|Any CPU
		{42D5D1EA-C194-4613-8B88-17DFA41DB853}.Debug|x86.Build.0 = Debug|Any CPU
		{42D5D1EA-C194-4613-8B88-17DFA41DB853}.Release|Any CPU.ActiveCfg = Release|Any CPU
		{42D5D1EA-C194-4613-8B88-17DFA41DB853}.Release|Any CPU.Build.0 = Release|Any CPU
		{42D5D1EA-C194-4613-8B88-17DFA41DB853}.Release|ARM.ActiveCfg = Release|Any CPU
		{42D5D1EA-C194-4613-8B88-17DFA41DB853}.Release|ARM.Build.0 = Release|Any CPU
		{42D5D1EA-C194-4613-8B88-17DFA41DB853}.Release|iPhone.ActiveCfg = Release|Any CPU
		{42D5D1EA-C194-4613-8B88-17DFA41DB853}.Release|iPhone.Build.0 = Release|Any CPU
		{42D5D1EA-C194-4613-8B88-17DFA41DB853}.Release|iPhoneSimulator.ActiveCfg = Release|Any CPU
		{42D5D1EA-C194-4613-8B88-17DFA41DB853}.Release|iPhoneSimulator.Build.0 = Release|Any CPU
		{42D5D1EA-C194-4613-8B88-17DFA41DB853}.Release|x64.ActiveCfg = Release|Any CPU
		{42D5D1EA-C194-4613-8B88-17DFA41DB853}.Release|x64.Build.0 = Release|Any CPU
		{42D5D1EA-C194-4613-8B88-17DFA41DB853}.Release|x86.ActiveCfg = Release|Any CPU
		{42D5D1EA-C194-4613-8B88-17DFA41DB853}.Release|x86.Build.0 = Release|Any CPU
		{79DFCE83-F9BE-4A23-8B20-9CD4FCA3239C}.Ad-Hoc|Any CPU.ActiveCfg = Release|Any CPU
		{79DFCE83-F9BE-4A23-8B20-9CD4FCA3239C}.Ad-Hoc|Any CPU.Build.0 = Release|Any CPU
		{79DFCE83-F9BE-4A23-8B20-9CD4FCA3239C}.Ad-Hoc|ARM.ActiveCfg = Release|Any CPU
		{79DFCE83-F9BE-4A23-8B20-9CD4FCA3239C}.Ad-Hoc|ARM.Build.0 = Release|Any CPU
		{79DFCE83-F9BE-4A23-8B20-9CD4FCA3239C}.Ad-Hoc|iPhone.ActiveCfg = Release|Any CPU
		{79DFCE83-F9BE-4A23-8B20-9CD4FCA3239C}.Ad-Hoc|iPhone.Build.0 = Release|Any CPU
		{79DFCE83-F9BE-4A23-8B20-9CD4FCA3239C}.Ad-Hoc|iPhoneSimulator.ActiveCfg = Release|Any CPU
		{79DFCE83-F9BE-4A23-8B20-9CD4FCA3239C}.Ad-Hoc|iPhoneSimulator.Build.0 = Release|Any CPU
		{79DFCE83-F9BE-4A23-8B20-9CD4FCA3239C}.Ad-Hoc|x64.ActiveCfg = Release|Any CPU
		{79DFCE83-F9BE-4A23-8B20-9CD4FCA3239C}.Ad-Hoc|x64.Build.0 = Release|Any CPU
		{79DFCE83-F9BE-4A23-8B20-9CD4FCA3239C}.Ad-Hoc|x86.ActiveCfg = Release|Any CPU
		{79DFCE83-F9BE-4A23-8B20-9CD4FCA3239C}.Ad-Hoc|x86.Build.0 = Release|Any CPU
		{79DFCE83-F9BE-4A23-8B20-9CD4FCA3239C}.AppStore|Any CPU.ActiveCfg = Release|Any CPU
		{79DFCE83-F9BE-4A23-8B20-9CD4FCA3239C}.AppStore|Any CPU.Build.0 = Release|Any CPU
		{79DFCE83-F9BE-4A23-8B20-9CD4FCA3239C}.AppStore|ARM.ActiveCfg = Release|Any CPU
		{79DFCE83-F9BE-4A23-8B20-9CD4FCA3239C}.AppStore|ARM.Build.0 = Release|Any CPU
		{79DFCE83-F9BE-4A23-8B20-9CD4FCA3239C}.AppStore|iPhone.ActiveCfg = Release|Any CPU
		{79DFCE83-F9BE-4A23-8B20-9CD4FCA3239C}.AppStore|iPhone.Build.0 = Release|Any CPU
		{79DFCE83-F9BE-4A23-8B20-9CD4FCA3239C}.AppStore|iPhoneSimulator.ActiveCfg = Release|Any CPU
		{79DFCE83-F9BE-4A23-8B20-9CD4FCA3239C}.AppStore|iPhoneSimulator.Build.0 = Release|Any CPU
		{79DFCE83-F9BE-4A23-8B20-9CD4FCA3239C}.AppStore|x64.ActiveCfg = Release|Any CPU
		{79DFCE83-F9BE-4A23-8B20-9CD4FCA3239C}.AppStore|x64.Build.0 = Release|Any CPU
		{79DFCE83-F9BE-4A23-8B20-9CD4FCA3239C}.AppStore|x86.ActiveCfg = Release|Any CPU
		{79DFCE83-F9BE-4A23-8B20-9CD4FCA3239C}.AppStore|x86.Build.0 = Release|Any CPU
		{79DFCE83-F9BE-4A23-8B20-9CD4FCA3239C}.Debug|Any CPU.ActiveCfg = Debug|Any CPU
		{79DFCE83-F9BE-4A23-8B20-9CD4FCA3239C}.Debug|Any CPU.Build.0 = Debug|Any CPU
		{79DFCE83-F9BE-4A23-8B20-9CD4FCA3239C}.Debug|ARM.ActiveCfg = Debug|Any CPU
		{79DFCE83-F9BE-4A23-8B20-9CD4FCA3239C}.Debug|ARM.Build.0 = Debug|Any CPU
		{79DFCE83-F9BE-4A23-8B20-9CD4FCA3239C}.Debug|iPhone.ActiveCfg = Debug|Any CPU
		{79DFCE83-F9BE-4A23-8B20-9CD4FCA3239C}.Debug|iPhone.Build.0 = Debug|Any CPU
		{79DFCE83-F9BE-4A23-8B20-9CD4FCA3239C}.Debug|iPhoneSimulator.ActiveCfg = Debug|Any CPU
		{79DFCE83-F9BE-4A23-8B20-9CD4FCA3239C}.Debug|iPhoneSimulator.Build.0 = Debug|Any CPU
		{79DFCE83-F9BE-4A23-8B20-9CD4FCA3239C}.Debug|x64.ActiveCfg = Debug|Any CPU
		{79DFCE83-F9BE-4A23-8B20-9CD4FCA3239C}.Debug|x64.Build.0 = Debug|Any CPU
		{79DFCE83-F9BE-4A23-8B20-9CD4FCA3239C}.Debug|x86.ActiveCfg = Debug|Any CPU
		{79DFCE83-F9BE-4A23-8B20-9CD4FCA3239C}.Debug|x86.Build.0 = Debug|Any CPU
		{79DFCE83-F9BE-4A23-8B20-9CD4FCA3239C}.Release|Any CPU.ActiveCfg = Release|Any CPU
		{79DFCE83-F9BE-4A23-8B20-9CD4FCA3239C}.Release|Any CPU.Build.0 = Release|Any CPU
		{79DFCE83-F9BE-4A23-8B20-9CD4FCA3239C}.Release|ARM.ActiveCfg = Release|Any CPU
		{79DFCE83-F9BE-4A23-8B20-9CD4FCA3239C}.Release|ARM.Build.0 = Release|Any CPU
		{79DFCE83-F9BE-4A23-8B20-9CD4FCA3239C}.Release|iPhone.ActiveCfg = Release|Any CPU
		{79DFCE83-F9BE-4A23-8B20-9CD4FCA3239C}.Release|iPhone.Build.0 = Release|Any CPU
		{79DFCE83-F9BE-4A23-8B20-9CD4FCA3239C}.Release|iPhoneSimulator.ActiveCfg = Release|Any CPU
		{79DFCE83-F9BE-4A23-8B20-9CD4FCA3239C}.Release|iPhoneSimulator.Build.0 = Release|Any CPU
		{79DFCE83-F9BE-4A23-8B20-9CD4FCA3239C}.Release|x64.ActiveCfg = Release|Any CPU
		{79DFCE83-F9BE-4A23-8B20-9CD4FCA3239C}.Release|x64.Build.0 = Release|Any CPU
		{79DFCE83-F9BE-4A23-8B20-9CD4FCA3239C}.Release|x86.ActiveCfg = Release|Any CPU
		{79DFCE83-F9BE-4A23-8B20-9CD4FCA3239C}.Release|x86.Build.0 = Release|Any CPU
		{13A7F81A-3AFA-4052-98F4-D96897B37260}.Ad-Hoc|Any CPU.ActiveCfg = Debug|Any CPU
		{13A7F81A-3AFA-4052-98F4-D96897B37260}.Ad-Hoc|Any CPU.Build.0 = Debug|Any CPU
		{13A7F81A-3AFA-4052-98F4-D96897B37260}.Ad-Hoc|ARM.ActiveCfg = Debug|Any CPU
		{13A7F81A-3AFA-4052-98F4-D96897B37260}.Ad-Hoc|ARM.Build.0 = Debug|Any CPU
		{13A7F81A-3AFA-4052-98F4-D96897B37260}.Ad-Hoc|iPhone.ActiveCfg = Debug|Any CPU
		{13A7F81A-3AFA-4052-98F4-D96897B37260}.Ad-Hoc|iPhone.Build.0 = Debug|Any CPU
		{13A7F81A-3AFA-4052-98F4-D96897B37260}.Ad-Hoc|iPhoneSimulator.ActiveCfg = Debug|Any CPU
		{13A7F81A-3AFA-4052-98F4-D96897B37260}.Ad-Hoc|iPhoneSimulator.Build.0 = Debug|Any CPU
		{13A7F81A-3AFA-4052-98F4-D96897B37260}.Ad-Hoc|x64.ActiveCfg = Debug|Any CPU
		{13A7F81A-3AFA-4052-98F4-D96897B37260}.Ad-Hoc|x64.Build.0 = Debug|Any CPU
		{13A7F81A-3AFA-4052-98F4-D96897B37260}.Ad-Hoc|x86.ActiveCfg = Debug|Any CPU
		{13A7F81A-3AFA-4052-98F4-D96897B37260}.Ad-Hoc|x86.Build.0 = Debug|Any CPU
		{13A7F81A-3AFA-4052-98F4-D96897B37260}.AppStore|Any CPU.ActiveCfg = Debug|Any CPU
		{13A7F81A-3AFA-4052-98F4-D96897B37260}.AppStore|Any CPU.Build.0 = Debug|Any CPU
		{13A7F81A-3AFA-4052-98F4-D96897B37260}.AppStore|ARM.ActiveCfg = Debug|Any CPU
		{13A7F81A-3AFA-4052-98F4-D96897B37260}.AppStore|ARM.Build.0 = Debug|Any CPU
		{13A7F81A-3AFA-4052-98F4-D96897B37260}.AppStore|iPhone.ActiveCfg = Debug|Any CPU
		{13A7F81A-3AFA-4052-98F4-D96897B37260}.AppStore|iPhone.Build.0 = Debug|Any CPU
		{13A7F81A-3AFA-4052-98F4-D96897B37260}.AppStore|iPhoneSimulator.ActiveCfg = Debug|Any CPU
		{13A7F81A-3AFA-4052-98F4-D96897B37260}.AppStore|iPhoneSimulator.Build.0 = Debug|Any CPU
		{13A7F81A-3AFA-4052-98F4-D96897B37260}.AppStore|x64.ActiveCfg = Debug|Any CPU
		{13A7F81A-3AFA-4052-98F4-D96897B37260}.AppStore|x64.Build.0 = Debug|Any CPU
		{13A7F81A-3AFA-4052-98F4-D96897B37260}.AppStore|x86.ActiveCfg = Debug|Any CPU
		{13A7F81A-3AFA-4052-98F4-D96897B37260}.AppStore|x86.Build.0 = Debug|Any CPU
		{13A7F81A-3AFA-4052-98F4-D96897B37260}.Debug|Any CPU.ActiveCfg = Debug|Any CPU
		{13A7F81A-3AFA-4052-98F4-D96897B37260}.Debug|Any CPU.Build.0 = Debug|Any CPU
		{13A7F81A-3AFA-4052-98F4-D96897B37260}.Debug|ARM.ActiveCfg = Debug|Any CPU
		{13A7F81A-3AFA-4052-98F4-D96897B37260}.Debug|ARM.Build.0 = Debug|Any CPU
		{13A7F81A-3AFA-4052-98F4-D96897B37260}.Debug|iPhone.ActiveCfg = Debug|Any CPU
		{13A7F81A-3AFA-4052-98F4-D96897B37260}.Debug|iPhone.Build.0 = Debug|Any CPU
		{13A7F81A-3AFA-4052-98F4-D96897B37260}.Debug|iPhoneSimulator.ActiveCfg = Debug|Any CPU
		{13A7F81A-3AFA-4052-98F4-D96897B37260}.Debug|iPhoneSimulator.Build.0 = Debug|Any CPU
		{13A7F81A-3AFA-4052-98F4-D96897B37260}.Debug|x64.ActiveCfg = Debug|Any CPU
		{13A7F81A-3AFA-4052-98F4-D96897B37260}.Debug|x64.Build.0 = Debug|Any CPU
		{13A7F81A-3AFA-4052-98F4-D96897B37260}.Debug|x86.ActiveCfg = Debug|Any CPU
		{13A7F81A-3AFA-4052-98F4-D96897B37260}.Debug|x86.Build.0 = Debug|Any CPU
		{13A7F81A-3AFA-4052-98F4-D96897B37260}.Release|Any CPU.ActiveCfg = Release|Any CPU
		{13A7F81A-3AFA-4052-98F4-D96897B37260}.Release|Any CPU.Build.0 = Release|Any CPU
		{13A7F81A-3AFA-4052-98F4-D96897B37260}.Release|ARM.ActiveCfg = Release|Any CPU
		{13A7F81A-3AFA-4052-98F4-D96897B37260}.Release|ARM.Build.0 = Release|Any CPU
		{13A7F81A-3AFA-4052-98F4-D96897B37260}.Release|iPhone.ActiveCfg = Release|Any CPU
		{13A7F81A-3AFA-4052-98F4-D96897B37260}.Release|iPhone.Build.0 = Release|Any CPU
		{13A7F81A-3AFA-4052-98F4-D96897B37260}.Release|iPhoneSimulator.ActiveCfg = Release|Any CPU
		{13A7F81A-3AFA-4052-98F4-D96897B37260}.Release|iPhoneSimulator.Build.0 = Release|Any CPU
		{13A7F81A-3AFA-4052-98F4-D96897B37260}.Release|x64.ActiveCfg = Release|Any CPU
		{13A7F81A-3AFA-4052-98F4-D96897B37260}.Release|x64.Build.0 = Release|Any CPU
		{13A7F81A-3AFA-4052-98F4-D96897B37260}.Release|x86.ActiveCfg = Release|Any CPU
		{13A7F81A-3AFA-4052-98F4-D96897B37260}.Release|x86.Build.0 = Release|Any CPU
		{6FF14BAF-BA72-42AC-92B7-79FEB80F2C6A}.Ad-Hoc|Any CPU.ActiveCfg = Debug|Any CPU
		{6FF14BAF-BA72-42AC-92B7-79FEB80F2C6A}.Ad-Hoc|Any CPU.Build.0 = Debug|Any CPU
		{6FF14BAF-BA72-42AC-92B7-79FEB80F2C6A}.Ad-Hoc|ARM.ActiveCfg = Debug|Any CPU
		{6FF14BAF-BA72-42AC-92B7-79FEB80F2C6A}.Ad-Hoc|ARM.Build.0 = Debug|Any CPU
		{6FF14BAF-BA72-42AC-92B7-79FEB80F2C6A}.Ad-Hoc|iPhone.ActiveCfg = Debug|Any CPU
		{6FF14BAF-BA72-42AC-92B7-79FEB80F2C6A}.Ad-Hoc|iPhone.Build.0 = Debug|Any CPU
		{6FF14BAF-BA72-42AC-92B7-79FEB80F2C6A}.Ad-Hoc|iPhoneSimulator.ActiveCfg = Debug|Any CPU
		{6FF14BAF-BA72-42AC-92B7-79FEB80F2C6A}.Ad-Hoc|iPhoneSimulator.Build.0 = Debug|Any CPU
		{6FF14BAF-BA72-42AC-92B7-79FEB80F2C6A}.Ad-Hoc|x64.ActiveCfg = Debug|Any CPU
		{6FF14BAF-BA72-42AC-92B7-79FEB80F2C6A}.Ad-Hoc|x64.Build.0 = Debug|Any CPU
		{6FF14BAF-BA72-42AC-92B7-79FEB80F2C6A}.Ad-Hoc|x86.ActiveCfg = Debug|Any CPU
		{6FF14BAF-BA72-42AC-92B7-79FEB80F2C6A}.Ad-Hoc|x86.Build.0 = Debug|Any CPU
		{6FF14BAF-BA72-42AC-92B7-79FEB80F2C6A}.AppStore|Any CPU.ActiveCfg = Debug|Any CPU
		{6FF14BAF-BA72-42AC-92B7-79FEB80F2C6A}.AppStore|Any CPU.Build.0 = Debug|Any CPU
		{6FF14BAF-BA72-42AC-92B7-79FEB80F2C6A}.AppStore|ARM.ActiveCfg = Debug|Any CPU
		{6FF14BAF-BA72-42AC-92B7-79FEB80F2C6A}.AppStore|ARM.Build.0 = Debug|Any CPU
		{6FF14BAF-BA72-42AC-92B7-79FEB80F2C6A}.AppStore|iPhone.ActiveCfg = Debug|Any CPU
		{6FF14BAF-BA72-42AC-92B7-79FEB80F2C6A}.AppStore|iPhone.Build.0 = Debug|Any CPU
		{6FF14BAF-BA72-42AC-92B7-79FEB80F2C6A}.AppStore|iPhoneSimulator.ActiveCfg = Debug|Any CPU
		{6FF14BAF-BA72-42AC-92B7-79FEB80F2C6A}.AppStore|iPhoneSimulator.Build.0 = Debug|Any CPU
		{6FF14BAF-BA72-42AC-92B7-79FEB80F2C6A}.AppStore|x64.ActiveCfg = Debug|Any CPU
		{6FF14BAF-BA72-42AC-92B7-79FEB80F2C6A}.AppStore|x64.Build.0 = Debug|Any CPU
		{6FF14BAF-BA72-42AC-92B7-79FEB80F2C6A}.AppStore|x86.ActiveCfg = Debug|Any CPU
		{6FF14BAF-BA72-42AC-92B7-79FEB80F2C6A}.AppStore|x86.Build.0 = Debug|Any CPU
		{6FF14BAF-BA72-42AC-92B7-79FEB80F2C6A}.Debug|Any CPU.ActiveCfg = Debug|Any CPU
		{6FF14BAF-BA72-42AC-92B7-79FEB80F2C6A}.Debug|Any CPU.Build.0 = Debug|Any CPU
		{6FF14BAF-BA72-42AC-92B7-79FEB80F2C6A}.Debug|ARM.ActiveCfg = Debug|Any CPU
		{6FF14BAF-BA72-42AC-92B7-79FEB80F2C6A}.Debug|ARM.Build.0 = Debug|Any CPU
		{6FF14BAF-BA72-42AC-92B7-79FEB80F2C6A}.Debug|iPhone.ActiveCfg = Debug|Any CPU
		{6FF14BAF-BA72-42AC-92B7-79FEB80F2C6A}.Debug|iPhone.Build.0 = Debug|Any CPU
		{6FF14BAF-BA72-42AC-92B7-79FEB80F2C6A}.Debug|iPhoneSimulator.ActiveCfg = Debug|Any CPU
		{6FF14BAF-BA72-42AC-92B7-79FEB80F2C6A}.Debug|iPhoneSimulator.Build.0 = Debug|Any CPU
		{6FF14BAF-BA72-42AC-92B7-79FEB80F2C6A}.Debug|x64.ActiveCfg = Debug|Any CPU
		{6FF14BAF-BA72-42AC-92B7-79FEB80F2C6A}.Debug|x64.Build.0 = Debug|Any CPU
		{6FF14BAF-BA72-42AC-92B7-79FEB80F2C6A}.Debug|x86.ActiveCfg = Debug|Any CPU
		{6FF14BAF-BA72-42AC-92B7-79FEB80F2C6A}.Debug|x86.Build.0 = Debug|Any CPU
		{6FF14BAF-BA72-42AC-92B7-79FEB80F2C6A}.Release|Any CPU.ActiveCfg = Release|Any CPU
		{6FF14BAF-BA72-42AC-92B7-79FEB80F2C6A}.Release|Any CPU.Build.0 = Release|Any CPU
		{6FF14BAF-BA72-42AC-92B7-79FEB80F2C6A}.Release|ARM.ActiveCfg = Release|Any CPU
		{6FF14BAF-BA72-42AC-92B7-79FEB80F2C6A}.Release|ARM.Build.0 = Release|Any CPU
		{6FF14BAF-BA72-42AC-92B7-79FEB80F2C6A}.Release|iPhone.ActiveCfg = Release|Any CPU
		{6FF14BAF-BA72-42AC-92B7-79FEB80F2C6A}.Release|iPhone.Build.0 = Release|Any CPU
		{6FF14BAF-BA72-42AC-92B7-79FEB80F2C6A}.Release|iPhoneSimulator.ActiveCfg = Release|Any CPU
		{6FF14BAF-BA72-42AC-92B7-79FEB80F2C6A}.Release|iPhoneSimulator.Build.0 = Release|Any CPU
		{6FF14BAF-BA72-42AC-92B7-79FEB80F2C6A}.Release|x64.ActiveCfg = Release|Any CPU
		{6FF14BAF-BA72-42AC-92B7-79FEB80F2C6A}.Release|x64.Build.0 = Release|Any CPU
		{6FF14BAF-BA72-42AC-92B7-79FEB80F2C6A}.Release|x86.ActiveCfg = Release|Any CPU
		{6FF14BAF-BA72-42AC-92B7-79FEB80F2C6A}.Release|x86.Build.0 = Release|Any CPU
		{C249AB83-602C-4BD1-84BD-95A5FDDF8A15}.Ad-Hoc|Any CPU.ActiveCfg = Debug|Any CPU
		{C249AB83-602C-4BD1-84BD-95A5FDDF8A15}.Ad-Hoc|Any CPU.Build.0 = Debug|Any CPU
		{C249AB83-602C-4BD1-84BD-95A5FDDF8A15}.Ad-Hoc|ARM.ActiveCfg = Debug|Any CPU
		{C249AB83-602C-4BD1-84BD-95A5FDDF8A15}.Ad-Hoc|ARM.Build.0 = Debug|Any CPU
		{C249AB83-602C-4BD1-84BD-95A5FDDF8A15}.Ad-Hoc|iPhone.ActiveCfg = Debug|Any CPU
		{C249AB83-602C-4BD1-84BD-95A5FDDF8A15}.Ad-Hoc|iPhone.Build.0 = Debug|Any CPU
		{C249AB83-602C-4BD1-84BD-95A5FDDF8A15}.Ad-Hoc|iPhoneSimulator.ActiveCfg = Debug|Any CPU
		{C249AB83-602C-4BD1-84BD-95A5FDDF8A15}.Ad-Hoc|iPhoneSimulator.Build.0 = Debug|Any CPU
		{C249AB83-602C-4BD1-84BD-95A5FDDF8A15}.Ad-Hoc|x64.ActiveCfg = Debug|Any CPU
		{C249AB83-602C-4BD1-84BD-95A5FDDF8A15}.Ad-Hoc|x64.Build.0 = Debug|Any CPU
		{C249AB83-602C-4BD1-84BD-95A5FDDF8A15}.Ad-Hoc|x86.ActiveCfg = Debug|Any CPU
		{C249AB83-602C-4BD1-84BD-95A5FDDF8A15}.Ad-Hoc|x86.Build.0 = Debug|Any CPU
		{C249AB83-602C-4BD1-84BD-95A5FDDF8A15}.AppStore|Any CPU.ActiveCfg = Debug|Any CPU
		{C249AB83-602C-4BD1-84BD-95A5FDDF8A15}.AppStore|Any CPU.Build.0 = Debug|Any CPU
		{C249AB83-602C-4BD1-84BD-95A5FDDF8A15}.AppStore|ARM.ActiveCfg = Debug|Any CPU
		{C249AB83-602C-4BD1-84BD-95A5FDDF8A15}.AppStore|ARM.Build.0 = Debug|Any CPU
		{C249AB83-602C-4BD1-84BD-95A5FDDF8A15}.AppStore|iPhone.ActiveCfg = Debug|Any CPU
		{C249AB83-602C-4BD1-84BD-95A5FDDF8A15}.AppStore|iPhone.Build.0 = Debug|Any CPU
		{C249AB83-602C-4BD1-84BD-95A5FDDF8A15}.AppStore|iPhoneSimulator.ActiveCfg = Debug|Any CPU
		{C249AB83-602C-4BD1-84BD-95A5FDDF8A15}.AppStore|iPhoneSimulator.Build.0 = Debug|Any CPU
		{C249AB83-602C-4BD1-84BD-95A5FDDF8A15}.AppStore|x64.ActiveCfg = Debug|Any CPU
		{C249AB83-602C-4BD1-84BD-95A5FDDF8A15}.AppStore|x64.Build.0 = Debug|Any CPU
		{C249AB83-602C-4BD1-84BD-95A5FDDF8A15}.AppStore|x86.ActiveCfg = Debug|Any CPU
		{C249AB83-602C-4BD1-84BD-95A5FDDF8A15}.AppStore|x86.Build.0 = Debug|Any CPU
		{C249AB83-602C-4BD1-84BD-95A5FDDF8A15}.Debug|Any CPU.ActiveCfg = Debug|Any CPU
		{C249AB83-602C-4BD1-84BD-95A5FDDF8A15}.Debug|Any CPU.Build.0 = Debug|Any CPU
		{C249AB83-602C-4BD1-84BD-95A5FDDF8A15}.Debug|ARM.ActiveCfg = Debug|Any CPU
		{C249AB83-602C-4BD1-84BD-95A5FDDF8A15}.Debug|ARM.Build.0 = Debug|Any CPU
		{C249AB83-602C-4BD1-84BD-95A5FDDF8A15}.Debug|iPhone.ActiveCfg = Debug|Any CPU
		{C249AB83-602C-4BD1-84BD-95A5FDDF8A15}.Debug|iPhone.Build.0 = Debug|Any CPU
		{C249AB83-602C-4BD1-84BD-95A5FDDF8A15}.Debug|iPhoneSimulator.ActiveCfg = Debug|Any CPU
		{C249AB83-602C-4BD1-84BD-95A5FDDF8A15}.Debug|iPhoneSimulator.Build.0 = Debug|Any CPU
		{C249AB83-602C-4BD1-84BD-95A5FDDF8A15}.Debug|x64.ActiveCfg = Debug|Any CPU
		{C249AB83-602C-4BD1-84BD-95A5FDDF8A15}.Debug|x64.Build.0 = Debug|Any CPU
		{C249AB83-602C-4BD1-84BD-95A5FDDF8A15}.Debug|x86.ActiveCfg = Debug|Any CPU
		{C249AB83-602C-4BD1-84BD-95A5FDDF8A15}.Debug|x86.Build.0 = Debug|Any CPU
		{C249AB83-602C-4BD1-84BD-95A5FDDF8A15}.Release|Any CPU.ActiveCfg = Release|Any CPU
		{C249AB83-602C-4BD1-84BD-95A5FDDF8A15}.Release|Any CPU.Build.0 = Release|Any CPU
		{C249AB83-602C-4BD1-84BD-95A5FDDF8A15}.Release|ARM.ActiveCfg = Release|Any CPU
		{C249AB83-602C-4BD1-84BD-95A5FDDF8A15}.Release|ARM.Build.0 = Release|Any CPU
		{C249AB83-602C-4BD1-84BD-95A5FDDF8A15}.Release|iPhone.ActiveCfg = Release|Any CPU
		{C249AB83-602C-4BD1-84BD-95A5FDDF8A15}.Release|iPhone.Build.0 = Release|Any CPU
		{C249AB83-602C-4BD1-84BD-95A5FDDF8A15}.Release|iPhoneSimulator.ActiveCfg = Release|Any CPU
		{C249AB83-602C-4BD1-84BD-95A5FDDF8A15}.Release|iPhoneSimulator.Build.0 = Release|Any CPU
		{C249AB83-602C-4BD1-84BD-95A5FDDF8A15}.Release|x64.ActiveCfg = Release|Any CPU
		{C249AB83-602C-4BD1-84BD-95A5FDDF8A15}.Release|x64.Build.0 = Release|Any CPU
		{C249AB83-602C-4BD1-84BD-95A5FDDF8A15}.Release|x86.ActiveCfg = Release|Any CPU
		{C249AB83-602C-4BD1-84BD-95A5FDDF8A15}.Release|x86.Build.0 = Release|Any CPU
	EndGlobalSection
	GlobalSection(SolutionProperties) = preSolution
		HideSolutionNode = FALSE
	EndGlobalSection
EndGlobal
